<?xml version="1.0" encoding="utf-8"?>
<Project ToolsVersion="4.0" xmlns="http://schemas.microsoft.com/developer/msbuild/2003">
  <ItemGroup>
    <Filter Include="98.Default">
      <UniqueIdentifier>{b467f3ef-3a4f-4910-9d8b-32984f10175a}</UniqueIdentifier>
    </Filter>
    <Filter Include="00.MainApp">
      <UniqueIdentifier>{26f44b19-48b8-43fc-9375-cdf76bb234ec}</UniqueIdentifier>
    </Filter>
    <Filter Include="99.Defines">
      <UniqueIdentifier>{58c9acbd-476a-4f98-a5ff-d88db36efe19}</UniqueIdentifier>
    </Filter>
    <Filter Include="01.Levels">
      <UniqueIdentifier>{7e1d8f73-4353-4848-a46d-3724efe7e658}</UniqueIdentifier>
    </Filter>
    <Filter Include="02.GameObjects">
      <UniqueIdentifier>{6545733c-14dc-4cec-8e7c-3e5b0ad75c3f}</UniqueIdentifier>
    </Filter>
    <Filter Include="01.Levels\00.Loader">
      <UniqueIdentifier>{d34b4313-2969-4649-ac63-5be3b1783f75}</UniqueIdentifier>
    </Filter>
    <Filter Include="01.Levels\01.Logo">
      <UniqueIdentifier>{5267b1be-398c-4f1f-8043-c7305aa0e1d2}</UniqueIdentifier>
    </Filter>
    <Filter Include="01.Levels\02.GamePlay">
      <UniqueIdentifier>{35c5c360-0a21-4524-b3bd-78fd1a809214}</UniqueIdentifier>
    </Filter>
    <Filter Include="02.GameObjects\00.BackGround">
      <UniqueIdentifier>{57566d9b-4982-490a-9436-a60395b8dd99}</UniqueIdentifier>
    </Filter>
    <Filter Include="97.ShaderFiles">
      <UniqueIdentifier>{ffd39a2b-4897-4694-bc2f-d9c96bf2d061}</UniqueIdentifier>
    </Filter>
    <Filter Include="02.GameObjects\01.Terrain">
      <UniqueIdentifier>{6cd33bd8-14ca-4499-8f92-7d7ff986c039}</UniqueIdentifier>
    </Filter>
    <Filter Include="02.GameObjects\99.GameObj">
      <UniqueIdentifier>{701d7561-2a2e-4eab-b54e-11fdc7498453}</UniqueIdentifier>
    </Filter>
    <Filter Include="02.GameObjects\99.GameObj\00.Player">
      <UniqueIdentifier>{659557ea-ef16-4743-a036-c75deba40809}</UniqueIdentifier>
    </Filter>
    <Filter Include="02.GameObjects\99.GameObj\02.Trainer">
      <UniqueIdentifier>{3815298a-3c12-4565-a0c5-1e6c9566ed01}</UniqueIdentifier>
    </Filter>
    <Filter Include="02.GameObjects\99.GameObj\03.Item">
      <UniqueIdentifier>{466febe0-2f93-4a78-9ae0-77c521a99087}</UniqueIdentifier>
    </Filter>
    <Filter Include="02.GameObjects\99.GameObj\03.Item\00.MonsterBall">
      <UniqueIdentifier>{4d268ae1-5b94-49db-8353-b24613b752cc}</UniqueIdentifier>
    </Filter>
    <Filter Include="02.GameObjects\99.GameObj\03.Item\99.None">
      <UniqueIdentifier>{a97d3628-279c-4448-9144-d105bb01d579}</UniqueIdentifier>
    </Filter>
    <Filter Include="02.GameObjects\99.GameObj\03.Item\04.HpPotion">
      <UniqueIdentifier>{3f49e1f3-b30a-421f-bfc2-5944eb469b44}</UniqueIdentifier>
    </Filter>
    <Filter Include="02.GameObjects\99.GameObj\03.Item\30.ExpShare">
      <UniqueIdentifier>{6601399b-760a-4ea6-af1f-c0fbada8e64a}</UniqueIdentifier>
    </Filter>
    <Filter Include="02.GameObjects\02.Map">
      <UniqueIdentifier>{02cbd942-76bf-4716-ab1d-88fbc83ee3e4}</UniqueIdentifier>
    </Filter>
    <Filter Include="02.GameObjects\02.Map\00.Field">
      <UniqueIdentifier>{a785f116-403b-49bd-a7fd-c337348d03aa}</UniqueIdentifier>
    </Filter>
    <Filter Include="02.GameObjects\02.Map\02.BattleField">
      <UniqueIdentifier>{4baccdec-6f70-4d67-b21d-587b1aa08110}</UniqueIdentifier>
    </Filter>
    <Filter Include="02.GameObjects\99.GameObj\02.Trainer\00.Mari">
      <UniqueIdentifier>{bd1d203b-67b1-420b-9f39-f1484de78819}</UniqueIdentifier>
    </Filter>
    <Filter Include="02.GameObjects\02.Map\03.Tree">
      <UniqueIdentifier>{065667ef-f62c-4650-b107-69951db3cd6e}</UniqueIdentifier>
    </Filter>
    <Filter Include="02.GameObjects\99.GameObj\05.Skill">
      <UniqueIdentifier>{675e24cd-5dd4-453b-b7bc-30b4cccef3d3}</UniqueIdentifier>
    </Filter>
    <Filter Include="02.GameObjects\99.GameObj\05.Skill\00.Tackle">
      <UniqueIdentifier>{6546a350-35c7-4418-b50f-d8f23b01b75c}</UniqueIdentifier>
    </Filter>
    <Filter Include="02.GameObjects\99.GameObj\05.Skill\98.BreakCar">
      <UniqueIdentifier>{f69ea6e8-551f-4fff-9bde-e08225a1532d}</UniqueIdentifier>
    </Filter>
    <Filter Include="02.GameObjects\99.GameObj\05.Skill\99.NoneSkill">
      <UniqueIdentifier>{f1f0fd47-1539-4262-88a1-8905a8a648d0}</UniqueIdentifier>
    </Filter>
    <Filter Include="02.GameObjects\99.GameObj\06.Effect">
      <UniqueIdentifier>{6326b168-ede7-44bf-bddf-0633579229f6}</UniqueIdentifier>
    </Filter>
    <Filter Include="02.GameObjects\99.GameObj\06.Effect\00.BattleEvent">
      <UniqueIdentifier>{6d641d6f-d794-41c9-bea3-9617fa89266f}</UniqueIdentifier>
    </Filter>
    <Filter Include="02.GameObjects\99.GameObj\06.Effect\01.Screen">
      <UniqueIdentifier>{b38fd83a-df41-4ae8-9bc6-3b7bfd1ab219}</UniqueIdentifier>
    </Filter>
    <Filter Include="02.GameObjects\99.GameObj\06.Effect\02.BattleIntro">
      <UniqueIdentifier>{3071df74-8d95-49a1-9b6d-4ea4a82c4dc9}</UniqueIdentifier>
    </Filter>
    <Filter Include="02.GameObjects\99.GameObj\07.Ball">
      <UniqueIdentifier>{e848a78b-1331-44c3-b21e-acfaeb82d4e1}</UniqueIdentifier>
    </Filter>
    <Filter Include="96.Data_Manager">
      <UniqueIdentifier>{bc13d5da-b1a6-467d-ad39-0f08ad6428fe}</UniqueIdentifier>
    </Filter>
    <Filter Include="02.GameObjects\02.Map\04.SkyBox">
      <UniqueIdentifier>{2d5a3954-592a-4670-b95a-5e962a9b1f65}</UniqueIdentifier>
    </Filter>
    <Filter Include="02.GameObjects\02.Map\05.Weed">
      <UniqueIdentifier>{506e36b5-6e43-4cc7-bf21-60ca4d19136a}</UniqueIdentifier>
    </Filter>
    <Filter Include="02.GameObjects\99.GameObj\05.Skill\01.WaterBeam">
      <UniqueIdentifier>{a3560757-3e22-400d-8f1c-75c70258f23d}</UniqueIdentifier>
    </Filter>
    <Filter Include="02.GameObjects\99.GameObj\06.Effect\03.Hit">
      <UniqueIdentifier>{0f5cb8a3-4249-4030-9b61-5dd13e8ebd43}</UniqueIdentifier>
    </Filter>
    <Filter Include="02.GameObjects\99.GameObj\05.Skill\01.WaterBeam\WaterBall">
      <UniqueIdentifier>{2b4d6ee2-0a69-49d3-9f97-614acb09e099}</UniqueIdentifier>
    </Filter>
    <Filter Include="02.GameObjects\99.GameObj\04.UI">
      <UniqueIdentifier>{418b620b-4b2f-48ea-aa56-0881b5828d8f}</UniqueIdentifier>
    </Filter>
    <Filter Include="02.GameObjects\99.GameObj\04.UI\00.Bag">
      <UniqueIdentifier>{2dfa4ff2-4911-4e83-9925-3be1078db5f5}</UniqueIdentifier>
    </Filter>
    <Filter Include="02.GameObjects\99.GameObj\04.UI\01.PokeInfo">
      <UniqueIdentifier>{5f2484c2-abcf-4b9c-965f-5931d7403b4b}</UniqueIdentifier>
    </Filter>
    <Filter Include="02.GameObjects\99.GameObj\04.UI\02.PokeDeck">
      <UniqueIdentifier>{fdacc3f3-73d0-4e0f-9788-82a0012ff1bc}</UniqueIdentifier>
    </Filter>
    <Filter Include="02.GameObjects\99.GameObj\04.UI\03.TextBox">
      <UniqueIdentifier>{66a2eb67-9320-424e-b94e-6e9840645274}</UniqueIdentifier>
    </Filter>
    <Filter Include="02.GameObjects\99.GameObj\04.UI\04.BattleUI">
      <UniqueIdentifier>{1f15b8b4-4280-4516-921b-098039c4a793}</UniqueIdentifier>
    </Filter>
    <Filter Include="02.GameObjects\99.GameObj\04.UI\05.Lv_UP">
      <UniqueIdentifier>{d89197f9-f18f-4c45-8f9a-cd472105b5d4}</UniqueIdentifier>
    </Filter>
    <Filter Include="02.GameObjects\99.GameObj\04.UI\06.Evolution">
      <UniqueIdentifier>{4f94f77f-235a-4803-b9af-4fb6af0ea002}</UniqueIdentifier>
    </Filter>
    <Filter Include="02.GameObjects\99.GameObj\02.Trainer\01.Beat">
      <UniqueIdentifier>{f1e4ad6b-0c2e-49d3-8510-adb3d2782037}</UniqueIdentifier>
    </Filter>
    <Filter Include="02.GameObjects\99.GameObj\02.Trainer\02.Sonia">
      <UniqueIdentifier>{003c67ce-22ab-4681-a461-becc877eeb8d}</UniqueIdentifier>
    </Filter>
    <Filter Include="02.GameObjects\99.GameObj\02.Trainer\03.Dandel">
      <UniqueIdentifier>{383f4ce9-237a-4cd4-9ea4-a6ad48a46358}</UniqueIdentifier>
    </Filter>
    <Filter Include="02.GameObjects\99.GameObj\02.Trainer\04.Olive">
      <UniqueIdentifier>{2ae9144d-a781-4025-9460-e618b645b10a}</UniqueIdentifier>
    </Filter>
    <Filter Include="02.GameObjects\99.GameObj\02.Trainer\05.Tr0">
      <UniqueIdentifier>{36bcd7a0-a532-4038-80e5-daf89a0a051f}</UniqueIdentifier>
    </Filter>
    <Filter Include="02.GameObjects\99.GameObj\02.Trainer\06.Tr1">
      <UniqueIdentifier>{b9230490-6413-42fa-b7d6-78d573ed7dd8}</UniqueIdentifier>
    </Filter>
    <Filter Include="02.GameObjects\99.GameObj\02.Trainer\07.Tr2">
      <UniqueIdentifier>{5ad9b52b-f56d-4e16-a958-dbd7060209db}</UniqueIdentifier>
    </Filter>
    <Filter Include="02.GameObjects\99.GameObj\02.Trainer\08.Tr3">
      <UniqueIdentifier>{62062cb5-2a38-437d-9d24-72a128a9c4ab}</UniqueIdentifier>
    </Filter>
    <Filter Include="02.GameObjects\99.GameObj\02.Trainer\09.Tr4">
      <UniqueIdentifier>{ae5f853e-b220-4507-a854-eb7b4a366777}</UniqueIdentifier>
    </Filter>
    <Filter Include="02.GameObjects\99.GameObj\02.Trainer\10.Tr5">
      <UniqueIdentifier>{b9c24788-c377-4d9a-84ff-b131b60ecf75}</UniqueIdentifier>
    </Filter>
    <Filter Include="02.GameObjects\99.GameObj\02.Trainer\11.Tr6">
      <UniqueIdentifier>{14827344-504e-4993-8383-69585977dddb}</UniqueIdentifier>
    </Filter>
    <Filter Include="02.GameObjects\99.GameObj\02.Trainer\12.Tr7">
      <UniqueIdentifier>{d7ac1476-2830-45af-b1c7-e6b50d9693bc}</UniqueIdentifier>
    </Filter>
    <Filter Include="02.GameObjects\99.GameObj\02.Trainer\13.Tr8">
      <UniqueIdentifier>{70afb8da-5383-4887-9156-bbacf23ec4f5}</UniqueIdentifier>
    </Filter>
    <Filter Include="02.GameObjects\99.GameObj\02.Trainer\14.Tr9">
      <UniqueIdentifier>{30551553-4476-4f43-bd91-070c52de5e5e}</UniqueIdentifier>
    </Filter>
    <Filter Include="02.GameObjects\99.GameObj\03.Item\41.GrassBadge">
      <UniqueIdentifier>{d8a38453-a254-4002-822d-974f563795b8}</UniqueIdentifier>
    </Filter>
    <Filter Include="02.GameObjects\99.GameObj\03.Item\42.WaterBadge">
      <UniqueIdentifier>{95cfb67e-61f7-4568-b109-6811fb84ff36}</UniqueIdentifier>
    </Filter>
    <Filter Include="02.GameObjects\99.GameObj\03.Item\43.FireBadge">
      <UniqueIdentifier>{31031b2e-d724-44e8-992d-b6a6204501e5}</UniqueIdentifier>
    </Filter>
    <Filter Include="02.GameObjects\99.GameObj\03.Item\44.FightBadge">
      <UniqueIdentifier>{b5de061d-25fa-4034-8474-0c8790f0b5b4}</UniqueIdentifier>
    </Filter>
    <Filter Include="02.GameObjects\99.GameObj\03.Item\45.GhostBadge">
      <UniqueIdentifier>{63b269a6-ddfc-46c1-a8ff-45d27a10ffe9}</UniqueIdentifier>
    </Filter>
    <Filter Include="02.GameObjects\99.GameObj\03.Item\46.FairyBadge">
      <UniqueIdentifier>{bd35dda0-20d3-4320-a16e-9708daf2a609}</UniqueIdentifier>
    </Filter>
    <Filter Include="02.GameObjects\99.GameObj\03.Item\47.TerrainBadge">
      <UniqueIdentifier>{d0749e0e-4fe9-47e5-a909-564bb23db8ee}</UniqueIdentifier>
    </Filter>
    <Filter Include="02.GameObjects\99.GameObj\03.Item\48.IceBadge">
      <UniqueIdentifier>{0e19bbe4-5335-4913-847f-75396764b69d}</UniqueIdentifier>
    </Filter>
    <Filter Include="02.GameObjects\99.GameObj\03.Item\49.EvilBadge">
      <UniqueIdentifier>{981c6dab-4880-4666-b151-4bb61d081277}</UniqueIdentifier>
    </Filter>
    <Filter Include="02.GameObjects\99.GameObj\03.Item\50.DragonBadge">
      <UniqueIdentifier>{199fccf2-a743-462c-ab49-57c7e83b165d}</UniqueIdentifier>
    </Filter>
    <Filter Include="02.GameObjects\99.GameObj\01.Pokemon">
      <UniqueIdentifier>{1325a119-e099-4af2-9e0c-f8091f2a9f18}</UniqueIdentifier>
    </Filter>
    <Filter Include="02.GameObjects\99.GameObj\01.Pokemon\25.Pikachu">
      <UniqueIdentifier>{8d69a1a7-26cd-43a1-a454-0dbfacee3b72}</UniqueIdentifier>
    </Filter>
    <Filter Include="02.GameObjects\99.GameObj\01.Pokemon\999.NonePoke">
      <UniqueIdentifier>{1fb9c189-7ab9-47c9-8d33-a8dcf75ec444}</UniqueIdentifier>
    </Filter>
    <Filter Include="02.GameObjects\99.GameObj\01.Pokemon\152.Garomakguri">
      <UniqueIdentifier>{9bc0ec44-7ce4-4898-95ab-e01296c53f4d}</UniqueIdentifier>
    </Filter>
    <Filter Include="02.GameObjects\99.GameObj\01.Pokemon\07.Squirtle">
      <UniqueIdentifier>{cfb1faf2-5950-4e91-a225-58e86decdbcc}</UniqueIdentifier>
    </Filter>
    <Filter Include="02.GameObjects\99.GameObj\01.Pokemon\52.Meowth">
      <UniqueIdentifier>{9956e4b2-445e-44bb-91cb-60cda0027e83}</UniqueIdentifier>
    </Filter>
    <Filter Include="02.GameObjects\99.GameObj\01.Pokemon\80.Slowbro">
      <UniqueIdentifier>{7504cef0-ed43-4f9c-93ce-08731ba6c064}</UniqueIdentifier>
    </Filter>
    <Filter Include="02.GameObjects\99.GameObj\01.Pokemon\04.Charmander">
      <UniqueIdentifier>{395cdd0f-013a-44ff-98e4-2dfba64400ca}</UniqueIdentifier>
    </Filter>
    <Filter Include="02.GameObjects\99.GameObj\01.Pokemon\40.Wigglytuff">
      <UniqueIdentifier>{8253f5c8-b571-4145-a67f-b2ea57c357e3}</UniqueIdentifier>
    </Filter>
    <Filter Include="02.GameObjects\99.GameObj\01.Pokemon\143.Snorlax">
      <UniqueIdentifier>{7c7d5a8a-9791-402a-83fd-32f40bffa7ba}</UniqueIdentifier>
    </Filter>
    <Filter Include="02.GameObjects\99.GameObj\01.Pokemon\08.Wartortle">
      <UniqueIdentifier>{b77660d0-49c9-4bb3-9b5d-03ac492d1801}</UniqueIdentifier>
    </Filter>
    <Filter Include="02.GameObjects\99.GameObj\01.Pokemon\09.Blastoise">
      <UniqueIdentifier>{35a9709c-3eab-4dee-8661-d6cb744ce805}</UniqueIdentifier>
    </Filter>
    <Filter Include="02.GameObjects\99.GameObj\01.Pokemon\10.Caterpie">
      <UniqueIdentifier>{b9ef49a9-4160-48be-9986-3cfeacdd64ef}</UniqueIdentifier>
    </Filter>
    <Filter Include="02.GameObjects\99.GameObj\01.Pokemon\11.Metapod">
      <UniqueIdentifier>{d3f1368e-e445-4d72-9bfb-9b35538e0b2d}</UniqueIdentifier>
    </Filter>
    <Filter Include="02.GameObjects\99.GameObj\01.Pokemon\12.Butterfree">
      <UniqueIdentifier>{cd42b6ca-1279-4706-871c-4020868bbbe3}</UniqueIdentifier>
    </Filter>
    <Filter Include="02.GameObjects\99.GameObj\01.Pokemon\19.Rattata">
      <UniqueIdentifier>{a89ad21f-35da-4eef-a3a1-955a6e1dfb71}</UniqueIdentifier>
    </Filter>
    <Filter Include="02.GameObjects\99.GameObj\01.Pokemon\20.Raticate">
      <UniqueIdentifier>{44373a1b-f207-42e6-9130-6e9640149782}</UniqueIdentifier>
    </Filter>
    <Filter Include="02.GameObjects\99.GameObj\01.Pokemon\108.Lickitung">
      <UniqueIdentifier>{cd99768d-65c7-4146-a59c-e39d08629b0f}</UniqueIdentifier>
    </Filter>
    <Filter Include="02.GameObjects\99.GameObj\01.Pokemon\113.Chansey">
      <UniqueIdentifier>{3649bbd5-3a6b-4dae-8a02-2dd455d1c99c}</UniqueIdentifier>
    </Filter>
    <Filter Include="02.GameObjects\99.GameObj\01.Pokemon\115.Kangaskhan">
      <UniqueIdentifier>{7cd697be-31f0-4e9f-b284-a49cfdc4c623}</UniqueIdentifier>
    </Filter>
    <Filter Include="02.GameObjects\99.GameObj\01.Pokemon\123.Scyther">
      <UniqueIdentifier>{b1940c25-b46a-4e83-98c3-3df047945d13}</UniqueIdentifier>
    </Filter>
    <Filter Include="02.GameObjects\99.GameObj\01.Pokemon\129.Magikarp">
      <UniqueIdentifier>{0096bd36-a94e-49bb-9303-0d8f0e4c0eb8}</UniqueIdentifier>
    </Filter>
    <Filter Include="02.GameObjects\99.GameObj\01.Pokemon\130.Gyarados">
      <UniqueIdentifier>{051a68e4-4c6e-45ff-a12c-2aae6bc16180}</UniqueIdentifier>
    </Filter>
    <Filter Include="02.GameObjects\99.GameObj\01.Pokemon\147.Dratini">
      <UniqueIdentifier>{50eb7181-31cf-4857-a251-c126a730b051}</UniqueIdentifier>
    </Filter>
    <Filter Include="02.GameObjects\99.GameObj\01.Pokemon\148.Dragonair">
      <UniqueIdentifier>{cb17ae4a-c211-4fba-8314-cf143e5e5beb}</UniqueIdentifier>
    </Filter>
    <Filter Include="02.GameObjects\99.GameObj\01.Pokemon\149.Dragonite">
      <UniqueIdentifier>{1ef8e196-896f-4914-be26-c0c0b800bb6f}</UniqueIdentifier>
    </Filter>
    <Filter Include="02.GameObjects\99.GameObj\01.Pokemon\150.Mewtwo">
      <UniqueIdentifier>{75c7ba3a-46c0-4555-885f-953a446dc2f4}</UniqueIdentifier>
    </Filter>
    <Filter Include="02.GameObjects\99.GameObj\01.Pokemon\151.Mew">
      <UniqueIdentifier>{4aa9cbf0-3e2a-48aa-93f8-4850945a7183}</UniqueIdentifier>
    </Filter>
    <Filter Include="02.GameObjects\99.GameObj\01.Pokemon\39.Jigglypuff">
      <UniqueIdentifier>{c7084a0a-8784-415c-b1a2-7346fa26f8c1}</UniqueIdentifier>
    </Filter>
    <Filter Include="02.GameObjects\99.GameObj\01.Pokemon\53.Persian">
      <UniqueIdentifier>{09445ec4-5908-42ee-9c80-305f4a54d34d}</UniqueIdentifier>
    </Filter>
    <Filter Include="02.GameObjects\99.GameObj\01.Pokemon\79.Slowpoke">
      <UniqueIdentifier>{a47ac9f5-64d8-42cb-aeab-9b866827d1b4}</UniqueIdentifier>
    </Filter>
    <Filter Include="02.GameObjects\99.GameObj\01.Pokemon\95.Onix">
      <UniqueIdentifier>{a9634958-616b-49c1-b5f7-d591cf083fc9}</UniqueIdentifier>
    </Filter>
    <Filter Include="02.GameObjects\99.GameObj\08.CaptureBall">
      <UniqueIdentifier>{8b5b2f37-7461-49ed-b641-513c8258d9d8}</UniqueIdentifier>
    </Filter>
    <Filter Include="02.GameObjects\99.GameObj\08.CaptureBall\00.AnimMonsterBall">
      <UniqueIdentifier>{0baba323-cdaa-49b3-b585-60efbde2bd1a}</UniqueIdentifier>
    </Filter>
    <Filter Include="02.GameObjects\99.GameObj\08.CaptureBall\01.AnimSuperBall">
      <UniqueIdentifier>{308168e1-d573-4e99-acfd-2417bf17bb4c}</UniqueIdentifier>
    </Filter>
    <Filter Include="02.GameObjects\99.GameObj\08.CaptureBall\02.AnimHyperBall">
      <UniqueIdentifier>{828afbfd-5108-4d54-965b-ecf2e1ef0cd8}</UniqueIdentifier>
    </Filter>
    <Filter Include="02.GameObjects\99.GameObj\08.CaptureBall\03.AnimMasterBall">
      <UniqueIdentifier>{ae8a21e3-bb6a-4dda-beeb-ecf3884205e4}</UniqueIdentifier>
    </Filter>
    <Filter Include="02.GameObjects\99.GameObj\03.Item\01.SuperBall">
      <UniqueIdentifier>{20292feb-f81f-4542-a28a-07e445cd8a2d}</UniqueIdentifier>
    </Filter>
    <Filter Include="02.GameObjects\99.GameObj\03.Item\02.HyperBall">
      <UniqueIdentifier>{214e1335-394f-4aa6-af2b-6995440ab33c}</UniqueIdentifier>
    </Filter>
    <Filter Include="02.GameObjects\99.GameObj\03.Item\03.MasterBall">
      <UniqueIdentifier>{55948c36-b24b-4ba7-adc9-163b158509f5}</UniqueIdentifier>
    </Filter>
    <Filter Include="02.GameObjects\99.GameObj\04.UI\07.EndingErr">
      <UniqueIdentifier>{251ad626-6fb0-4777-a7bd-63778218eff9}</UniqueIdentifier>
    </Filter>
    <Filter Include="02.GameObjects\99.GameObj\03.Item\11.MaxPotion">
      <UniqueIdentifier>{7cde8af4-0153-4d1f-957f-de3fb745cbe5}</UniqueIdentifier>
    </Filter>
    <Filter Include="02.GameObjects\99.GameObj\03.Item\13.Candy">
      <UniqueIdentifier>{13485aef-a7c2-455e-9cd9-14ac08a11614}</UniqueIdentifier>
    </Filter>
    <Filter Include="02.GameObjects\99.GameObj\03.Item\06.FullPotion">
      <UniqueIdentifier>{2bb01963-76e8-4d6f-823b-aa660aa86575}</UniqueIdentifier>
    </Filter>
    <Filter Include="02.GameObjects\99.GameObj\06.Effect\04.Land">
      <UniqueIdentifier>{684a1e1d-fcd7-456c-8b13-7cac703c0bd3}</UniqueIdentifier>
    </Filter>
    <Filter Include="02.GameObjects\99.GameObj\06.Effect\05.EvolLight">
      <UniqueIdentifier>{76e72cf8-9c80-4699-a5c0-8fde1a134f81}</UniqueIdentifier>
    </Filter>
    <Filter Include="02.GameObjects\99.GameObj\06.Effect\05.EvolLight\EvolLight2">
      <UniqueIdentifier>{bced60a4-b408-4f4c-875b-9acfe5710188}</UniqueIdentifier>
    </Filter>
    <Filter Include="02.GameObjects\99.GameObj\06.Effect\05.EvolLight\EvolLight3">
      <UniqueIdentifier>{6f4d6546-fa29-4cab-ae20-e1df568efa32}</UniqueIdentifier>
    </Filter>
    <Filter Include="02.GameObjects\99.GameObj\06.Effect\05.EvolLight\EvolLight4">
      <UniqueIdentifier>{d8f1e27f-2324-40dc-bda7-9507bc930109}</UniqueIdentifier>
    </Filter>
    <Filter Include="02.GameObjects\99.GameObj\06.Effect\06.Leaf">
      <UniqueIdentifier>{cd143633-5015-404f-a2ed-f8bd2b3d2de2}</UniqueIdentifier>
    </Filter>
    <Filter Include="02.GameObjects\99.GameObj\06.Effect\07.BallEffect">
      <UniqueIdentifier>{44dff53c-1b69-4279-88e0-2dddda679d50}</UniqueIdentifier>
    </Filter>
    <Filter Include="02.GameObjects\99.GameObj\06.Effect\07.BallEffect\BallEffect2">
      <UniqueIdentifier>{d88dc35e-01e8-41a1-9e36-3632d943bdd8}</UniqueIdentifier>
    </Filter>
    <Filter Include="02.GameObjects\99.GameObj\06.Effect\07.BallEffect\BallEffect3">
      <UniqueIdentifier>{3233802a-4f3f-4c07-806e-38cddb4b8472}</UniqueIdentifier>
    </Filter>
    <Filter Include="02.GameObjects\99.GameObj\06.Effect\07.BallEffect\BallEffect4">
      <UniqueIdentifier>{aa4d249f-390c-48ee-9219-b4d2ab0122b3}</UniqueIdentifier>
    </Filter>
    <Filter Include="02.GameObjects\99.GameObj\06.Effect\07.BallEffect\BallEffect5">
      <UniqueIdentifier>{e6d0b78d-3f73-410a-916f-9f86ea31a735}</UniqueIdentifier>
    </Filter>
    <Filter Include="02.GameObjects\99.GameObj\06.Effect\07.BallEffect\BallEffect6">
      <UniqueIdentifier>{f1e84e75-c5b0-4076-975f-7393aba7cdc1}</UniqueIdentifier>
    </Filter>
    <Filter Include="02.GameObjects\99.GameObj\06.Effect\07.BallEffect\BallRed">
      <UniqueIdentifier>{296848b8-4a4e-40f2-bed1-1f63c9d194aa}</UniqueIdentifier>
    </Filter>
    <Filter Include="02.GameObjects\99.GameObj\06.Effect\07.BallEffect\BallRed2">
      <UniqueIdentifier>{8f2323b5-a691-405f-b6bd-08acde537874}</UniqueIdentifier>
    </Filter>
    <Filter Include="02.GameObjects\99.GameObj\06.Effect\07.BallEffect\CaptureEffect">
      <UniqueIdentifier>{51570164-196d-4180-b97f-e4a81a802ca1}</UniqueIdentifier>
    </Filter>
    <Filter Include="02.GameObjects\99.GameObj\06.Effect\07.BallEffect\CaptureStar">
      <UniqueIdentifier>{10bba94b-e7fe-4036-9e41-88399e955f7b}</UniqueIdentifier>
    </Filter>
    <Filter Include="02.GameObjects\99.GameObj\05.Skill\00.Tackle\Tackle2">
      <UniqueIdentifier>{26e43d4c-7816-4735-b75e-249325020444}</UniqueIdentifier>
    </Filter>
    <Filter Include="02.GameObjects\99.GameObj\05.Skill\00.Tackle\Tackle3">
      <UniqueIdentifier>{7959f2f1-ef83-43f6-8541-480d49e5b474}</UniqueIdentifier>
    </Filter>
    <Filter Include="02.GameObjects\99.GameObj\05.Skill\02.WaterGun">
      <UniqueIdentifier>{6cb26ef5-63a5-4e77-8763-bb47db01bb53}</UniqueIdentifier>
    </Filter>
    <Filter Include="02.GameObjects\99.GameObj\05.Skill\02.WaterGun\WaterGun1">
      <UniqueIdentifier>{9d696055-7ac2-41ee-af0e-1e9a560bc3a1}</UniqueIdentifier>
    </Filter>
    <Filter Include="02.GameObjects\99.GameObj\05.Skill\02.WaterGun\WaterGun2">
      <UniqueIdentifier>{5f21ba29-230c-4cc9-8183-7a035ac588eb}</UniqueIdentifier>
    </Filter>
    <Filter Include="02.GameObjects\99.GameObj\05.Skill\02.WaterGun\WaterGun3">
      <UniqueIdentifier>{f088b8c2-3853-42df-9517-689b2a45c1bb}</UniqueIdentifier>
    </Filter>
  </ItemGroup>
  <ItemGroup>
    <Text Include="ReadMe.txt" />
  </ItemGroup>
  <ItemGroup>
    <ClInclude Include="Client.h">
      <Filter>98.Default</Filter>
    </ClInclude>
    <ClInclude Include="Resource.h">
      <Filter>98.Default</Filter>
    </ClInclude>
    <ClInclude Include="stdafx.h">
      <Filter>98.Default</Filter>
    </ClInclude>
    <ClInclude Include="targetver.h">
      <Filter>98.Default</Filter>
    </ClInclude>
    <ClInclude Include="..\Public\MainApp.h">
      <Filter>00.MainApp</Filter>
    </ClInclude>
    <ClInclude Include="..\Public\Client_Defines.h">
      <Filter>99.Defines</Filter>
    </ClInclude>
    <ClInclude Include="..\Public\Camera_Dynamic.h">
      <Filter>02.GameObjects</Filter>
    </ClInclude>
    <ClInclude Include="..\Public\Level_GamePlay.h">
      <Filter>01.Levels\02.GamePlay</Filter>
    </ClInclude>
    <ClInclude Include="..\Public\Level_Loading.h">
      <Filter>01.Levels\00.Loader</Filter>
    </ClInclude>
    <ClInclude Include="..\Public\Loader.h">
      <Filter>01.Levels\00.Loader</Filter>
    </ClInclude>
    <ClInclude Include="..\Public\Level_Logo.h">
      <Filter>01.Levels\01.Logo</Filter>
    </ClInclude>
    <ClInclude Include="..\public\BackGround.h">
      <Filter>02.GameObjects\00.BackGround</Filter>
    </ClInclude>
    <ClInclude Include="..\Public\Terrain.h">
      <Filter>02.GameObjects\01.Terrain</Filter>
    </ClInclude>
    <ClInclude Include="..\public\UI.h">
      <Filter>02.GameObjects\99.GameObj\04.UI</Filter>
    </ClInclude>
    <ClInclude Include="..\public\GameObj.h">
      <Filter>02.GameObjects\99.GameObj</Filter>
    </ClInclude>
    <ClInclude Include="..\public\Bag.h">
      <Filter>02.GameObjects\99.GameObj\04.UI\00.Bag</Filter>
    </ClInclude>
    <ClInclude Include="..\public\MonsterBall.h">
      <Filter>02.GameObjects\99.GameObj\03.Item\00.MonsterBall</Filter>
    </ClInclude>
    <ClInclude Include="..\public\None.h">
      <Filter>02.GameObjects\99.GameObj\03.Item\99.None</Filter>
    </ClInclude>
    <ClInclude Include="..\public\Pikachu.h">
      <Filter>02.GameObjects\99.GameObj\01.Pokemon\25.Pikachu</Filter>
    </ClInclude>
    <ClInclude Include="..\public\NonePoke.h">
      <Filter>02.GameObjects\99.GameObj\01.Pokemon\999.NonePoke</Filter>
    </ClInclude>
    <ClInclude Include="..\public\HpPotion.h">
      <Filter>02.GameObjects\99.GameObj\03.Item\04.HpPotion</Filter>
    </ClInclude>
    <ClInclude Include="..\public\ExpShare.h">
      <Filter>02.GameObjects\99.GameObj\03.Item\30.ExpShare</Filter>
    </ClInclude>
    <ClInclude Include="..\public\PokeInfo.h">
      <Filter>02.GameObjects\99.GameObj\04.UI\01.PokeInfo</Filter>
    </ClInclude>
    <ClInclude Include="..\Bin\ShaderFiles\Client_Shader_Defines.hpp">
      <Filter>97.ShaderFiles</Filter>
    </ClInclude>
    <ClInclude Include="..\public\Tackle.h">
      <Filter>02.GameObjects\99.GameObj\05.Skill\00.Tackle</Filter>
    </ClInclude>
    <ClInclude Include="..\Public\BreakCar.h">
      <Filter>02.GameObjects\99.GameObj\05.Skill\98.BreakCar</Filter>
    </ClInclude>
    <ClInclude Include="..\public\NoneSkill.h">
      <Filter>02.GameObjects\99.GameObj\05.Skill\99.NoneSkill</Filter>
    </ClInclude>
    <ClInclude Include="..\public\PokeDeck.h">
      <Filter>02.GameObjects\99.GameObj\04.UI\02.PokeDeck</Filter>
    </ClInclude>
    <ClInclude Include="..\public\Squirtle.h">
      <Filter>02.GameObjects\99.GameObj\01.Pokemon\07.Squirtle</Filter>
    </ClInclude>
    <ClInclude Include="..\public\Meowth.h">
      <Filter>02.GameObjects\99.GameObj\01.Pokemon\52.Meowth</Filter>
    </ClInclude>
    <ClInclude Include="..\public\Slowbro.h">
      <Filter>02.GameObjects\99.GameObj\01.Pokemon\80.Slowbro</Filter>
    </ClInclude>
    <ClInclude Include="..\public\Charmander.h">
      <Filter>02.GameObjects\99.GameObj\01.Pokemon\04.Charmander</Filter>
    </ClInclude>
    <ClInclude Include="..\public\Wigglytuff.h">
      <Filter>02.GameObjects\99.GameObj\01.Pokemon\40.Wigglytuff</Filter>
    </ClInclude>
    <ClInclude Include="..\public\Player.h">
      <Filter>02.GameObjects\99.GameObj\00.Player</Filter>
    </ClInclude>
    <ClInclude Include="..\public\Field.h">
      <Filter>02.GameObjects\02.Map\00.Field</Filter>
    </ClInclude>
    <ClInclude Include="..\public\BattleField.h">
      <Filter>02.GameObjects\02.Map\02.BattleField</Filter>
    </ClInclude>
    <ClInclude Include="..\public\Snorlax.h">
      <Filter>02.GameObjects\99.GameObj\01.Pokemon\143.Snorlax</Filter>
    </ClInclude>
    <ClInclude Include="..\public\Mari.h">
      <Filter>02.GameObjects\99.GameObj\02.Trainer\00.Mari</Filter>
    </ClInclude>
    <ClInclude Include="..\public\Tree.h">
      <Filter>02.GameObjects\02.Map\03.Tree</Filter>
    </ClInclude>
    <ClInclude Include="..\public\BattleEvent.h">
      <Filter>02.GameObjects\99.GameObj\06.Effect\00.BattleEvent</Filter>
    </ClInclude>
    <ClInclude Include="..\public\Screen.h">
      <Filter>02.GameObjects\99.GameObj\06.Effect\01.Screen</Filter>
    </ClInclude>
    <ClInclude Include="..\public\TextBox.h">
      <Filter>02.GameObjects\99.GameObj\04.UI\03.TextBox</Filter>
    </ClInclude>
    <ClInclude Include="..\public\BattleIntro.h">
      <Filter>02.GameObjects\99.GameObj\06.Effect\02.BattleIntro</Filter>
    </ClInclude>
    <ClInclude Include="..\public\BattleUI.h">
      <Filter>02.GameObjects\99.GameObj\04.UI\04.BattleUI</Filter>
    </ClInclude>
    <ClInclude Include="..\public\Ball.h">
      <Filter>02.GameObjects\99.GameObj\07.Ball</Filter>
    </ClInclude>
    <ClInclude Include="..\public\Garomakguri.h">
      <Filter>02.GameObjects\99.GameObj\01.Pokemon\152.Garomakguri</Filter>
    </ClInclude>
    <ClInclude Include="..\Public\Lv_Up.h">
      <Filter>02.GameObjects\99.GameObj\04.UI\05.Lv_UP</Filter>
    </ClInclude>
    <ClInclude Include="..\Public\Data_Manager.h">
      <Filter>96.Data_Manager</Filter>
    </ClInclude>
    <ClInclude Include="..\public\SkyBox.h">
      <Filter>02.GameObjects\02.Map\04.SkyBox</Filter>
    </ClInclude>
    <ClInclude Include="..\public\Weed.h">
      <Filter>02.GameObjects\02.Map\05.Weed</Filter>
    </ClInclude>
    <ClInclude Include="..\public\Wartortle.h">
      <Filter>02.GameObjects\99.GameObj\01.Pokemon\08.Wartortle</Filter>
    </ClInclude>
    <ClInclude Include="..\public\Evolution.h">
      <Filter>02.GameObjects\99.GameObj\04.UI\06.Evolution</Filter>
    </ClInclude>
    <ClInclude Include="..\public\Hit.h">
      <Filter>02.GameObjects\99.GameObj\06.Effect\03.Hit</Filter>
    </ClInclude>
    <ClInclude Include="..\public\WaterBeam.h">
      <Filter>02.GameObjects\99.GameObj\05.Skill\01.WaterBeam</Filter>
    </ClInclude>
    <ClInclude Include="..\public\WaterBall.h">
      <Filter>02.GameObjects\99.GameObj\05.Skill\01.WaterBeam\WaterBall</Filter>
    </ClInclude>
    <ClInclude Include="..\public\Blastoise.h">
      <Filter>02.GameObjects\99.GameObj\01.Pokemon\09.Blastoise</Filter>
    </ClInclude>
    <ClInclude Include="..\public\Caterpie.h">
      <Filter>02.GameObjects\99.GameObj\01.Pokemon\10.Caterpie</Filter>
    </ClInclude>
    <ClInclude Include="..\public\Metapod.h">
      <Filter>02.GameObjects\99.GameObj\01.Pokemon\11.Metapod</Filter>
    </ClInclude>
    <ClInclude Include="..\public\Butterfree.h">
      <Filter>02.GameObjects\99.GameObj\01.Pokemon\12.Butterfree</Filter>
    </ClInclude>
    <ClInclude Include="..\public\Rattata.h">
      <Filter>02.GameObjects\99.GameObj\01.Pokemon\19.Rattata</Filter>
    </ClInclude>
    <ClInclude Include="..\public\Raticate.h">
      <Filter>02.GameObjects\99.GameObj\01.Pokemon\20.Raticate</Filter>
    </ClInclude>
    <ClInclude Include="..\public\Jigglypuff.h">
      <Filter>02.GameObjects\99.GameObj\01.Pokemon\39.Jigglypuff</Filter>
    </ClInclude>
    <ClInclude Include="..\public\Persian.h">
      <Filter>02.GameObjects\99.GameObj\01.Pokemon\53.Persian</Filter>
    </ClInclude>
    <ClInclude Include="..\public\Slowpoke.h">
      <Filter>02.GameObjects\99.GameObj\01.Pokemon\79.Slowpoke</Filter>
    </ClInclude>
    <ClInclude Include="..\public\Onix.h">
      <Filter>02.GameObjects\99.GameObj\01.Pokemon\95.Onix</Filter>
    </ClInclude>
    <ClInclude Include="..\public\Lickitung.h">
      <Filter>02.GameObjects\99.GameObj\01.Pokemon\108.Lickitung</Filter>
    </ClInclude>
    <ClInclude Include="..\public\Chansey.h">
      <Filter>02.GameObjects\99.GameObj\01.Pokemon\113.Chansey</Filter>
    </ClInclude>
    <ClInclude Include="..\public\Kangaskhan.h">
      <Filter>02.GameObjects\99.GameObj\01.Pokemon\115.Kangaskhan</Filter>
    </ClInclude>
    <ClInclude Include="..\public\Scyther.h">
      <Filter>02.GameObjects\99.GameObj\01.Pokemon\123.Scyther</Filter>
    </ClInclude>
    <ClInclude Include="..\public\Magikarp.h">
      <Filter>02.GameObjects\99.GameObj\01.Pokemon\129.Magikarp</Filter>
    </ClInclude>
    <ClInclude Include="..\public\Gyarados.h">
      <Filter>02.GameObjects\99.GameObj\01.Pokemon\130.Gyarados</Filter>
    </ClInclude>
    <ClInclude Include="..\public\Dratini.h">
      <Filter>02.GameObjects\99.GameObj\01.Pokemon\147.Dratini</Filter>
    </ClInclude>
    <ClInclude Include="..\public\Dragonair.h">
      <Filter>02.GameObjects\99.GameObj\01.Pokemon\148.Dragonair</Filter>
    </ClInclude>
    <ClInclude Include="..\public\Dragonite.h">
      <Filter>02.GameObjects\99.GameObj\01.Pokemon\149.Dragonite</Filter>
    </ClInclude>
    <ClInclude Include="..\public\Mewtwo.h">
      <Filter>02.GameObjects\99.GameObj\01.Pokemon\150.Mewtwo</Filter>
    </ClInclude>
    <ClInclude Include="..\public\Mew.h">
      <Filter>02.GameObjects\99.GameObj\01.Pokemon\151.Mew</Filter>
    </ClInclude>
    <ClInclude Include="..\public\Beat.h">
      <Filter>02.GameObjects\99.GameObj\02.Trainer\01.Beat</Filter>
    </ClInclude>
    <ClInclude Include="..\public\Sonia.h">
      <Filter>02.GameObjects\99.GameObj\02.Trainer\02.Sonia</Filter>
    </ClInclude>
    <ClInclude Include="..\public\Dandel.h">
      <Filter>02.GameObjects\99.GameObj\02.Trainer\03.Dandel</Filter>
    </ClInclude>
    <ClInclude Include="..\public\Olive.h">
      <Filter>02.GameObjects\99.GameObj\02.Trainer\04.Olive</Filter>
    </ClInclude>
    <ClInclude Include="..\public\Tr0.h">
      <Filter>02.GameObjects\99.GameObj\02.Trainer\05.Tr0</Filter>
    </ClInclude>
    <ClInclude Include="..\public\Tr1.h">
      <Filter>02.GameObjects\99.GameObj\02.Trainer\06.Tr1</Filter>
    </ClInclude>
    <ClInclude Include="..\public\Tr2.h">
      <Filter>02.GameObjects\99.GameObj\02.Trainer\07.Tr2</Filter>
    </ClInclude>
    <ClInclude Include="..\public\Tr3.h">
      <Filter>02.GameObjects\99.GameObj\02.Trainer\08.Tr3</Filter>
    </ClInclude>
    <ClInclude Include="..\public\Tr4.h">
      <Filter>02.GameObjects\99.GameObj\02.Trainer\09.Tr4</Filter>
    </ClInclude>
    <ClInclude Include="..\public\Tr5.h">
      <Filter>02.GameObjects\99.GameObj\02.Trainer\10.Tr5</Filter>
    </ClInclude>
    <ClInclude Include="..\public\Tr6.h">
      <Filter>02.GameObjects\99.GameObj\02.Trainer\11.Tr6</Filter>
    </ClInclude>
    <ClInclude Include="..\public\Tr7.h">
      <Filter>02.GameObjects\99.GameObj\02.Trainer\12.Tr7</Filter>
    </ClInclude>
    <ClInclude Include="..\public\Tr8.h">
      <Filter>02.GameObjects\99.GameObj\02.Trainer\13.Tr8</Filter>
    </ClInclude>
    <ClInclude Include="..\public\Tr9.h">
      <Filter>02.GameObjects\99.GameObj\02.Trainer\14.Tr9</Filter>
    </ClInclude>
    <ClInclude Include="..\public\GrassBadge.h">
      <Filter>02.GameObjects\99.GameObj\03.Item\41.GrassBadge</Filter>
    </ClInclude>
    <ClInclude Include="..\public\WaterBadge.h">
      <Filter>02.GameObjects\99.GameObj\03.Item\42.WaterBadge</Filter>
    </ClInclude>
    <ClInclude Include="..\public\DragonBadge.h">
      <Filter>02.GameObjects\99.GameObj\03.Item\50.DragonBadge</Filter>
    </ClInclude>
    <ClInclude Include="..\public\TerrainBadge.h">
      <Filter>02.GameObjects\99.GameObj\03.Item\47.TerrainBadge</Filter>
    </ClInclude>
    <ClInclude Include="..\public\IceBadge.h">
      <Filter>02.GameObjects\99.GameObj\03.Item\48.IceBadge</Filter>
    </ClInclude>
    <ClInclude Include="..\public\EvilBadge.h">
      <Filter>02.GameObjects\99.GameObj\03.Item\49.EvilBadge</Filter>
    </ClInclude>
    <ClInclude Include="..\public\GhostBadge.h">
      <Filter>02.GameObjects\99.GameObj\03.Item\45.GhostBadge</Filter>
    </ClInclude>
    <ClInclude Include="..\public\FairyBadge.h">
      <Filter>02.GameObjects\99.GameObj\03.Item\46.FairyBadge</Filter>
    </ClInclude>
    <ClInclude Include="..\public\FightBadge.h">
      <Filter>02.GameObjects\99.GameObj\03.Item\44.FightBadge</Filter>
    </ClInclude>
    <ClInclude Include="..\public\FireBadge.h">
      <Filter>02.GameObjects\99.GameObj\03.Item\43.FireBadge</Filter>
    </ClInclude>
    <ClInclude Include="..\public\AnimMonsterBall.h">
      <Filter>02.GameObjects\99.GameObj\08.CaptureBall\00.AnimMonsterBall</Filter>
    </ClInclude>
    <ClInclude Include="..\public\AnimHyperBall.h">
      <Filter>02.GameObjects\99.GameObj\08.CaptureBall\02.AnimHyperBall</Filter>
    </ClInclude>
    <ClInclude Include="..\public\AnimMasterBall.h">
      <Filter>02.GameObjects\99.GameObj\08.CaptureBall\03.AnimMasterBall</Filter>
    </ClInclude>
    <ClInclude Include="..\public\AnimSuperBall.h">
      <Filter>02.GameObjects\99.GameObj\08.CaptureBall\01.AnimSuperBall</Filter>
    </ClInclude>
    <ClInclude Include="..\public\SuperBall.h">
      <Filter>02.GameObjects\99.GameObj\03.Item\01.SuperBall</Filter>
    </ClInclude>
    <ClInclude Include="..\public\HyperBall.h">
      <Filter>02.GameObjects\99.GameObj\03.Item\02.HyperBall</Filter>
    </ClInclude>
    <ClInclude Include="..\public\MasterBall.h">
      <Filter>02.GameObjects\99.GameObj\03.Item\03.MasterBall</Filter>
    </ClInclude>
    <ClInclude Include="..\public\EndingErr.h">
      <Filter>02.GameObjects\99.GameObj\04.UI\07.EndingErr</Filter>
    </ClInclude>
    <ClInclude Include="..\public\Candy.h">
      <Filter>02.GameObjects\99.GameObj\03.Item\13.Candy</Filter>
    </ClInclude>
    <ClInclude Include="..\public\FullPotion.h">
      <Filter>02.GameObjects\99.GameObj\03.Item\06.FullPotion</Filter>
    </ClInclude>
    <ClInclude Include="..\public\MaxPotion.h">
      <Filter>02.GameObjects\99.GameObj\03.Item\11.MaxPotion</Filter>
    </ClInclude>
    <ClInclude Include="..\public\Land.h">
      <Filter>02.GameObjects\99.GameObj\06.Effect\04.Land</Filter>
    </ClInclude>
    <ClInclude Include="..\public\EvolLight.h">
      <Filter>02.GameObjects\99.GameObj\06.Effect\05.EvolLight</Filter>
    </ClInclude>
    <ClInclude Include="..\public\EvolLight2.h">
      <Filter>02.GameObjects\99.GameObj\06.Effect\05.EvolLight\EvolLight2</Filter>
    </ClInclude>
    <ClInclude Include="..\public\EvolLight3.h">
      <Filter>02.GameObjects\99.GameObj\06.Effect\05.EvolLight\EvolLight3</Filter>
    </ClInclude>
    <ClInclude Include="..\public\EvolLight4.h">
      <Filter>02.GameObjects\99.GameObj\06.Effect\05.EvolLight\EvolLight4</Filter>
    </ClInclude>
    <ClInclude Include="..\public\Leaf.h">
      <Filter>02.GameObjects\99.GameObj\06.Effect\06.Leaf</Filter>
    </ClInclude>
    <ClInclude Include="..\public\BallEffect.h">
      <Filter>02.GameObjects\99.GameObj\06.Effect\07.BallEffect</Filter>
    </ClInclude>
    <ClInclude Include="..\public\BallEffect2.h">
      <Filter>02.GameObjects\99.GameObj\06.Effect\07.BallEffect\BallEffect2</Filter>
    </ClInclude>
    <ClInclude Include="..\public\BallEffect3.h">
      <Filter>02.GameObjects\99.GameObj\06.Effect\07.BallEffect\BallEffect3</Filter>
    </ClInclude>
    <ClInclude Include="..\public\BallEffect4.h">
      <Filter>02.GameObjects\99.GameObj\06.Effect\07.BallEffect\BallEffect4</Filter>
    </ClInclude>
    <ClInclude Include="..\public\BallEffect5.h">
      <Filter>02.GameObjects\99.GameObj\06.Effect\07.BallEffect\BallEffect5</Filter>
    </ClInclude>
    <ClInclude Include="..\public\BallEffect6.h">
      <Filter>02.GameObjects\99.GameObj\06.Effect\07.BallEffect\BallEffect6</Filter>
    </ClInclude>
    <ClInclude Include="..\public\BallRed.h">
      <Filter>02.GameObjects\99.GameObj\06.Effect\07.BallEffect\BallRed</Filter>
    </ClInclude>
    <ClInclude Include="..\public\BallRed2.h">
      <Filter>02.GameObjects\99.GameObj\06.Effect\07.BallEffect\BallRed2</Filter>
    </ClInclude>
    <ClInclude Include="..\public\CaptureEffect.h">
      <Filter>02.GameObjects\99.GameObj\06.Effect\07.BallEffect\CaptureEffect</Filter>
    </ClInclude>
    <ClInclude Include="..\public\CaptureStar.h">
      <Filter>02.GameObjects\99.GameObj\06.Effect\07.BallEffect\CaptureStar</Filter>
    </ClInclude>
    <ClInclude Include="..\public\Tackle2.h">
      <Filter>02.GameObjects\99.GameObj\05.Skill\00.Tackle\Tackle2</Filter>
    </ClInclude>
    <ClInclude Include="..\public\Tackle3.h">
      <Filter>02.GameObjects\99.GameObj\05.Skill\00.Tackle\Tackle3</Filter>
    </ClInclude>
    <ClInclude Include="..\public\WaterGun.h">
      <Filter>02.GameObjects\99.GameObj\05.Skill\02.WaterGun</Filter>
    </ClInclude>
    <ClInclude Include="..\public\WaterGun1.h">
      <Filter>02.GameObjects\99.GameObj\05.Skill\02.WaterGun\WaterGun1</Filter>
    </ClInclude>
    <ClInclude Include="..\public\WaterGun3.h">
      <Filter>02.GameObjects\99.GameObj\05.Skill\02.WaterGun\WaterGun3</Filter>
    </ClInclude>
    <ClInclude Include="..\public\WaterGun2.h">
      <Filter>02.GameObjects\99.GameObj\05.Skill\02.WaterGun\WaterGun2</Filter>
    </ClInclude>
  </ItemGroup>
  <ItemGroup>
    <ClCompile Include="Client.cpp">
      <Filter>98.Default</Filter>
    </ClCompile>
    <ClCompile Include="stdafx.cpp">
      <Filter>98.Default</Filter>
    </ClCompile>
    <ClCompile Include="..\Private\MainApp.cpp">
      <Filter>00.MainApp</Filter>
    </ClCompile>
    <ClCompile Include="..\Private\Camera_Dynamic.cpp">
      <Filter>02.GameObjects</Filter>
    </ClCompile>
    <ClCompile Include="..\Private\Level_GamePlay.cpp">
      <Filter>01.Levels\02.GamePlay</Filter>
    </ClCompile>
    <ClCompile Include="..\Private\Level_Loading.cpp">
      <Filter>01.Levels\00.Loader</Filter>
    </ClCompile>
    <ClCompile Include="..\Private\Loader.cpp">
      <Filter>01.Levels\00.Loader</Filter>
    </ClCompile>
    <ClCompile Include="..\Private\Level_Logo.cpp">
      <Filter>01.Levels\01.Logo</Filter>
    </ClCompile>
    <ClCompile Include="..\private\BackGround.cpp">
      <Filter>02.GameObjects\00.BackGround</Filter>
    </ClCompile>
    <ClCompile Include="..\Private\Terrain.cpp">
      <Filter>02.GameObjects\01.Terrain</Filter>
    </ClCompile>
    <ClCompile Include="..\private\UI.cpp">
      <Filter>02.GameObjects\99.GameObj\04.UI</Filter>
    </ClCompile>
    <ClCompile Include="..\private\GameObj.cpp">
      <Filter>02.GameObjects\99.GameObj</Filter>
    </ClCompile>
    <ClCompile Include="..\private\Bag.cpp">
      <Filter>02.GameObjects\99.GameObj\04.UI\00.Bag</Filter>
    </ClCompile>
    <ClCompile Include="..\private\MonsterBall.cpp">
      <Filter>02.GameObjects\99.GameObj\03.Item\00.MonsterBall</Filter>
    </ClCompile>
    <ClCompile Include="..\private\None.cpp">
      <Filter>02.GameObjects\99.GameObj\03.Item\99.None</Filter>
    </ClCompile>
    <ClCompile Include="..\private\Pikachu.cpp">
      <Filter>02.GameObjects\99.GameObj\01.Pokemon\25.Pikachu</Filter>
    </ClCompile>
    <ClCompile Include="..\private\NonePoke.cpp">
      <Filter>02.GameObjects\99.GameObj\01.Pokemon\999.NonePoke</Filter>
    </ClCompile>
    <ClCompile Include="..\private\Garomakguri.cpp">
      <Filter>02.GameObjects\99.GameObj\01.Pokemon\152.Garomakguri</Filter>
    </ClCompile>
    <ClCompile Include="..\private\HpPotion.cpp">
      <Filter>02.GameObjects\99.GameObj\03.Item\04.HpPotion</Filter>
    </ClCompile>
    <ClCompile Include="..\private\ExpShare.cpp">
      <Filter>02.GameObjects\99.GameObj\03.Item\30.ExpShare</Filter>
    </ClCompile>
    <ClCompile Include="..\private\PokeInfo.cpp">
      <Filter>02.GameObjects\99.GameObj\04.UI\01.PokeInfo</Filter>
    </ClCompile>
    <ClCompile Include="..\private\Tackle.cpp">
      <Filter>02.GameObjects\99.GameObj\05.Skill\00.Tackle</Filter>
    </ClCompile>
    <ClCompile Include="..\Private\BreakCar.cpp">
      <Filter>02.GameObjects\99.GameObj\05.Skill\98.BreakCar</Filter>
    </ClCompile>
    <ClCompile Include="..\private\NoneSkill.cpp">
      <Filter>02.GameObjects\99.GameObj\05.Skill\99.NoneSkill</Filter>
    </ClCompile>
    <ClCompile Include="..\private\PokeDeck.cpp">
      <Filter>02.GameObjects\99.GameObj\04.UI\02.PokeDeck</Filter>
    </ClCompile>
    <ClCompile Include="..\private\Squirtle.cpp">
      <Filter>02.GameObjects\99.GameObj\01.Pokemon\07.Squirtle</Filter>
    </ClCompile>
    <ClCompile Include="..\Private\Meowth.cpp">
      <Filter>02.GameObjects\99.GameObj\01.Pokemon\52.Meowth</Filter>
    </ClCompile>
    <ClCompile Include="..\private\Slowbro.cpp">
      <Filter>02.GameObjects\99.GameObj\01.Pokemon\80.Slowbro</Filter>
    </ClCompile>
    <ClCompile Include="..\private\Charmander.cpp">
      <Filter>02.GameObjects\99.GameObj\01.Pokemon\04.Charmander</Filter>
    </ClCompile>
    <ClCompile Include="..\private\Wigglytuff.cpp">
      <Filter>02.GameObjects\99.GameObj\01.Pokemon\40.Wigglytuff</Filter>
    </ClCompile>
    <ClCompile Include="..\private\Player.cpp">
      <Filter>02.GameObjects\99.GameObj\00.Player</Filter>
    </ClCompile>
    <ClCompile Include="..\private\Field.cpp">
      <Filter>02.GameObjects\02.Map\00.Field</Filter>
    </ClCompile>
    <ClCompile Include="..\private\BattleField.cpp">
      <Filter>02.GameObjects\02.Map\02.BattleField</Filter>
    </ClCompile>
    <ClCompile Include="..\private\Snorlax.cpp">
      <Filter>02.GameObjects\99.GameObj\01.Pokemon\143.Snorlax</Filter>
    </ClCompile>
    <ClCompile Include="..\private\Mari.cpp">
      <Filter>02.GameObjects\99.GameObj\02.Trainer\00.Mari</Filter>
    </ClCompile>
    <ClCompile Include="..\private\Tree.cpp">
      <Filter>02.GameObjects\02.Map\03.Tree</Filter>
    </ClCompile>
    <ClCompile Include="..\private\BattleEvent.cpp">
      <Filter>02.GameObjects\99.GameObj\06.Effect\00.BattleEvent</Filter>
    </ClCompile>
    <ClCompile Include="..\private\Screen.cpp">
      <Filter>02.GameObjects\99.GameObj\06.Effect\01.Screen</Filter>
    </ClCompile>
    <ClCompile Include="..\private\TextBox.cpp">
      <Filter>02.GameObjects\99.GameObj\04.UI\03.TextBox</Filter>
    </ClCompile>
    <ClCompile Include="..\private\BattleIntro.cpp">
      <Filter>02.GameObjects\99.GameObj\06.Effect\02.BattleIntro</Filter>
    </ClCompile>
    <ClCompile Include="..\private\BattleUI.cpp">
      <Filter>02.GameObjects\99.GameObj\04.UI\04.BattleUI</Filter>
    </ClCompile>
    <ClCompile Include="..\private\Ball.cpp">
      <Filter>02.GameObjects\99.GameObj\07.Ball</Filter>
    </ClCompile>
    <ClCompile Include="..\private\Lv_Up.cpp">
      <Filter>02.GameObjects\99.GameObj\04.UI\05.Lv_UP</Filter>
    </ClCompile>
    <ClCompile Include="..\Private\Data_Manager.cpp">
      <Filter>96.Data_Manager</Filter>
    </ClCompile>
    <ClCompile Include="..\private\SkyBox.cpp">
      <Filter>02.GameObjects\02.Map\04.SkyBox</Filter>
    </ClCompile>
    <ClCompile Include="..\private\Weed.cpp">
      <Filter>02.GameObjects\02.Map\05.Weed</Filter>
    </ClCompile>
    <ClCompile Include="..\private\Wartortle.cpp">
      <Filter>02.GameObjects\99.GameObj\01.Pokemon\08.Wartortle</Filter>
    </ClCompile>
    <ClCompile Include="..\private\Evolution.cpp">
      <Filter>02.GameObjects\99.GameObj\04.UI\06.Evolution</Filter>
    </ClCompile>
    <ClCompile Include="..\private\Hit.cpp">
      <Filter>02.GameObjects\99.GameObj\06.Effect\03.Hit</Filter>
    </ClCompile>
    <ClCompile Include="..\private\WaterBeam.cpp">
      <Filter>02.GameObjects\99.GameObj\05.Skill\01.WaterBeam</Filter>
    </ClCompile>
    <ClCompile Include="..\private\WaterBall.cpp">
      <Filter>02.GameObjects\99.GameObj\05.Skill\01.WaterBeam\WaterBall</Filter>
    </ClCompile>
    <ClCompile Include="..\private\Blastoise.cpp">
      <Filter>02.GameObjects\99.GameObj\01.Pokemon\09.Blastoise</Filter>
    </ClCompile>
    <ClCompile Include="..\private\Caterpie.cpp">
      <Filter>02.GameObjects\99.GameObj\01.Pokemon\10.Caterpie</Filter>
    </ClCompile>
    <ClCompile Include="..\private\Metapod.cpp">
      <Filter>02.GameObjects\99.GameObj\01.Pokemon\11.Metapod</Filter>
    </ClCompile>
    <ClCompile Include="..\private\Butterfree.cpp">
      <Filter>02.GameObjects\99.GameObj\01.Pokemon\12.Butterfree</Filter>
    </ClCompile>
    <ClCompile Include="..\private\Rattata.cpp">
      <Filter>02.GameObjects\99.GameObj\01.Pokemon\19.Rattata</Filter>
    </ClCompile>
    <ClCompile Include="..\private\Raticate.cpp">
      <Filter>02.GameObjects\99.GameObj\01.Pokemon\20.Raticate</Filter>
    </ClCompile>
    <ClCompile Include="..\private\Jigglypuff.cpp">
      <Filter>02.GameObjects\99.GameObj\01.Pokemon\39.Jigglypuff</Filter>
    </ClCompile>
    <ClCompile Include="..\private\Persian.cpp">
      <Filter>02.GameObjects\99.GameObj\01.Pokemon\53.Persian</Filter>
    </ClCompile>
    <ClCompile Include="..\private\Slowpoke.cpp">
      <Filter>02.GameObjects\99.GameObj\01.Pokemon\79.Slowpoke</Filter>
    </ClCompile>
    <ClCompile Include="..\private\Onix.cpp">
      <Filter>02.GameObjects\99.GameObj\01.Pokemon\95.Onix</Filter>
    </ClCompile>
    <ClCompile Include="..\private\Lickitung.cpp">
      <Filter>02.GameObjects\99.GameObj\01.Pokemon\108.Lickitung</Filter>
    </ClCompile>
    <ClCompile Include="..\private\Chansey.cpp">
      <Filter>02.GameObjects\99.GameObj\01.Pokemon\113.Chansey</Filter>
    </ClCompile>
    <ClCompile Include="..\private\Kangaskhan.cpp">
      <Filter>02.GameObjects\99.GameObj\01.Pokemon\115.Kangaskhan</Filter>
    </ClCompile>
    <ClCompile Include="..\private\Scyther.cpp">
      <Filter>02.GameObjects\99.GameObj\01.Pokemon\123.Scyther</Filter>
    </ClCompile>
    <ClCompile Include="..\private\Magikarp.cpp">
      <Filter>02.GameObjects\99.GameObj\01.Pokemon\129.Magikarp</Filter>
    </ClCompile>
    <ClCompile Include="..\private\Gyarados.cpp">
      <Filter>02.GameObjects\99.GameObj\01.Pokemon\130.Gyarados</Filter>
    </ClCompile>
    <ClCompile Include="..\private\Dratini.cpp">
      <Filter>02.GameObjects\99.GameObj\01.Pokemon\147.Dratini</Filter>
    </ClCompile>
    <ClCompile Include="..\private\Dragonair.cpp">
      <Filter>02.GameObjects\99.GameObj\01.Pokemon\148.Dragonair</Filter>
    </ClCompile>
    <ClCompile Include="..\private\Dragonite.cpp">
      <Filter>02.GameObjects\99.GameObj\01.Pokemon\149.Dragonite</Filter>
    </ClCompile>
    <ClCompile Include="..\private\Mewtwo.cpp">
      <Filter>02.GameObjects\99.GameObj\01.Pokemon\150.Mewtwo</Filter>
    </ClCompile>
    <ClCompile Include="..\private\Mew.cpp">
      <Filter>02.GameObjects\99.GameObj\01.Pokemon\151.Mew</Filter>
    </ClCompile>
    <ClCompile Include="..\private\Beat.cpp">
      <Filter>02.GameObjects\99.GameObj\02.Trainer\01.Beat</Filter>
    </ClCompile>
    <ClCompile Include="..\private\Sonia.cpp">
      <Filter>02.GameObjects\99.GameObj\02.Trainer\02.Sonia</Filter>
    </ClCompile>
    <ClCompile Include="..\private\Dandel.cpp">
      <Filter>02.GameObjects\99.GameObj\02.Trainer\03.Dandel</Filter>
    </ClCompile>
    <ClCompile Include="..\private\Olive.cpp">
      <Filter>02.GameObjects\99.GameObj\02.Trainer\04.Olive</Filter>
    </ClCompile>
    <ClCompile Include="..\private\Tr0.cpp">
      <Filter>02.GameObjects\99.GameObj\02.Trainer\05.Tr0</Filter>
    </ClCompile>
    <ClCompile Include="..\private\Tr1.cpp">
      <Filter>02.GameObjects\99.GameObj\02.Trainer\06.Tr1</Filter>
    </ClCompile>
    <ClCompile Include="..\private\Tr2.cpp">
      <Filter>02.GameObjects\99.GameObj\02.Trainer\07.Tr2</Filter>
    </ClCompile>
    <ClCompile Include="..\private\Tr3.cpp">
      <Filter>02.GameObjects\99.GameObj\02.Trainer\08.Tr3</Filter>
    </ClCompile>
    <ClCompile Include="..\private\Tr4.cpp">
      <Filter>02.GameObjects\99.GameObj\02.Trainer\09.Tr4</Filter>
    </ClCompile>
    <ClCompile Include="..\private\Tr5.cpp">
      <Filter>02.GameObjects\99.GameObj\02.Trainer\10.Tr5</Filter>
    </ClCompile>
    <ClCompile Include="..\private\Tr6.cpp">
      <Filter>02.GameObjects\99.GameObj\02.Trainer\11.Tr6</Filter>
    </ClCompile>
    <ClCompile Include="..\private\Tr7.cpp">
      <Filter>02.GameObjects\99.GameObj\02.Trainer\12.Tr7</Filter>
    </ClCompile>
    <ClCompile Include="..\private\Tr8.cpp">
      <Filter>02.GameObjects\99.GameObj\02.Trainer\13.Tr8</Filter>
    </ClCompile>
    <ClCompile Include="..\private\Tr9.cpp">
      <Filter>02.GameObjects\99.GameObj\02.Trainer\14.Tr9</Filter>
    </ClCompile>
    <ClCompile Include="..\private\GrassBadge.cpp">
      <Filter>02.GameObjects\99.GameObj\03.Item\41.GrassBadge</Filter>
    </ClCompile>
    <ClCompile Include="..\private\WaterBadge.cpp">
      <Filter>02.GameObjects\99.GameObj\03.Item\42.WaterBadge</Filter>
    </ClCompile>
    <ClCompile Include="..\private\DragonBadge.cpp">
      <Filter>02.GameObjects\99.GameObj\03.Item\50.DragonBadge</Filter>
    </ClCompile>
    <ClCompile Include="..\private\TerrainBadge.cpp">
      <Filter>02.GameObjects\99.GameObj\03.Item\47.TerrainBadge</Filter>
    </ClCompile>
    <ClCompile Include="..\private\IceBadge.cpp">
      <Filter>02.GameObjects\99.GameObj\03.Item\48.IceBadge</Filter>
    </ClCompile>
    <ClCompile Include="..\private\EvilBadge.cpp">
      <Filter>02.GameObjects\99.GameObj\03.Item\49.EvilBadge</Filter>
    </ClCompile>
    <ClCompile Include="..\private\GhostBadge.cpp">
      <Filter>02.GameObjects\99.GameObj\03.Item\45.GhostBadge</Filter>
    </ClCompile>
    <ClCompile Include="..\private\FairyBadge.cpp">
      <Filter>02.GameObjects\99.GameObj\03.Item\46.FairyBadge</Filter>
    </ClCompile>
    <ClCompile Include="..\private\FightBadge.cpp">
      <Filter>02.GameObjects\99.GameObj\03.Item\44.FightBadge</Filter>
    </ClCompile>
    <ClCompile Include="..\private\FireBadge.cpp">
      <Filter>02.GameObjects\99.GameObj\03.Item\43.FireBadge</Filter>
    </ClCompile>
    <ClCompile Include="..\private\AnimMonsterBall.cpp">
      <Filter>02.GameObjects\99.GameObj\08.CaptureBall\00.AnimMonsterBall</Filter>
    </ClCompile>
    <ClCompile Include="..\private\AnimHyperBall.cpp">
      <Filter>02.GameObjects\99.GameObj\08.CaptureBall\02.AnimHyperBall</Filter>
    </ClCompile>
    <ClCompile Include="..\private\AnimMasterBall.cpp">
      <Filter>02.GameObjects\99.GameObj\08.CaptureBall\03.AnimMasterBall</Filter>
    </ClCompile>
    <ClCompile Include="..\private\AnimSuperBall.cpp">
      <Filter>02.GameObjects\99.GameObj\08.CaptureBall\01.AnimSuperBall</Filter>
    </ClCompile>
    <ClCompile Include="..\private\SuperBall.cpp">
      <Filter>02.GameObjects\99.GameObj\03.Item\01.SuperBall</Filter>
    </ClCompile>
    <ClCompile Include="..\private\HyperBall.cpp">
      <Filter>02.GameObjects\99.GameObj\03.Item\02.HyperBall</Filter>
    </ClCompile>
    <ClCompile Include="..\private\MasterBall.cpp">
      <Filter>02.GameObjects\99.GameObj\03.Item\03.MasterBall</Filter>
    </ClCompile>
    <ClCompile Include="..\private\EndingErr.cpp">
      <Filter>02.GameObjects\99.GameObj\04.UI\07.EndingErr</Filter>
    </ClCompile>
    <ClCompile Include="..\private\Candy.cpp">
      <Filter>02.GameObjects\99.GameObj\03.Item\13.Candy</Filter>
    </ClCompile>
    <ClCompile Include="..\private\FullPotion.cpp">
      <Filter>02.GameObjects\99.GameObj\03.Item\06.FullPotion</Filter>
    </ClCompile>
    <ClCompile Include="..\private\MaxPotion.cpp">
      <Filter>02.GameObjects\99.GameObj\03.Item\11.MaxPotion</Filter>
    </ClCompile>
    <ClCompile Include="..\private\Land.cpp">
      <Filter>02.GameObjects\99.GameObj\06.Effect\04.Land</Filter>
    </ClCompile>
    <ClCompile Include="..\private\EvolLight.cpp">
      <Filter>02.GameObjects\99.GameObj\06.Effect\05.EvolLight</Filter>
    </ClCompile>
    <ClCompile Include="..\private\EvolLight2.cpp">
      <Filter>02.GameObjects\99.GameObj\06.Effect\05.EvolLight\EvolLight2</Filter>
    </ClCompile>
    <ClCompile Include="..\private\EvolLight3.cpp">
      <Filter>02.GameObjects\99.GameObj\06.Effect\05.EvolLight\EvolLight3</Filter>
    </ClCompile>
    <ClCompile Include="..\private\EvolLight4.cpp">
      <Filter>02.GameObjects\99.GameObj\06.Effect\05.EvolLight\EvolLight4</Filter>
    </ClCompile>
    <ClCompile Include="..\private\Leaf.cpp">
      <Filter>02.GameObjects\99.GameObj\06.Effect\06.Leaf</Filter>
    </ClCompile>
    <ClCompile Include="..\private\BallEffect.cpp">
      <Filter>02.GameObjects\99.GameObj\06.Effect\07.BallEffect</Filter>
    </ClCompile>
    <ClCompile Include="..\private\BallEffect2.cpp">
      <Filter>02.GameObjects\99.GameObj\06.Effect\07.BallEffect\BallEffect2</Filter>
    </ClCompile>
    <ClCompile Include="..\private\BallEffect3.cpp">
      <Filter>02.GameObjects\99.GameObj\06.Effect\07.BallEffect\BallEffect3</Filter>
    </ClCompile>
    <ClCompile Include="..\private\BallEffect4.cpp">
      <Filter>02.GameObjects\99.GameObj\06.Effect\07.BallEffect\BallEffect4</Filter>
    </ClCompile>
    <ClCompile Include="..\private\BallEffect5.cpp">
      <Filter>02.GameObjects\99.GameObj\06.Effect\07.BallEffect\BallEffect5</Filter>
    </ClCompile>
    <ClCompile Include="..\private\BallEffect6.cpp">
      <Filter>02.GameObjects\99.GameObj\06.Effect\07.BallEffect\BallEffect6</Filter>
    </ClCompile>
    <ClCompile Include="..\private\BallRed.cpp">
      <Filter>02.GameObjects\99.GameObj\06.Effect\07.BallEffect\BallRed</Filter>
    </ClCompile>
    <ClCompile Include="..\private\BallRed2.cpp">
      <Filter>02.GameObjects\99.GameObj\06.Effect\07.BallEffect\BallRed2</Filter>
    </ClCompile>
    <ClCompile Include="..\private\CaptureEffect.cpp">
      <Filter>02.GameObjects\99.GameObj\06.Effect\07.BallEffect\CaptureEffect</Filter>
    </ClCompile>
    <ClCompile Include="..\private\CaptureStar.cpp">
      <Filter>02.GameObjects\99.GameObj\06.Effect\07.BallEffect\CaptureStar</Filter>
    </ClCompile>
    <ClCompile Include="..\private\Tackle2.cpp">
      <Filter>02.GameObjects\99.GameObj\05.Skill\00.Tackle\Tackle2</Filter>
    </ClCompile>
    <ClCompile Include="..\private\Tackle3.cpp">
      <Filter>02.GameObjects\99.GameObj\05.Skill\00.Tackle\Tackle3</Filter>
    </ClCompile>
    <ClCompile Include="..\private\WaterGun.cpp">
      <Filter>02.GameObjects\99.GameObj\05.Skill\02.WaterGun</Filter>
    </ClCompile>
    <ClCompile Include="..\private\WaterGun1.cpp">
      <Filter>02.GameObjects\99.GameObj\05.Skill\02.WaterGun\WaterGun1</Filter>
    </ClCompile>
    <ClCompile Include="..\private\WaterGun3.cpp">
      <Filter>02.GameObjects\99.GameObj\05.Skill\02.WaterGun\WaterGun3</Filter>
    </ClCompile>
    <ClCompile Include="..\private\WaterGun2.cpp">
      <Filter>02.GameObjects\99.GameObj\05.Skill\02.WaterGun\WaterGun2</Filter>
    </ClCompile>
  </ItemGroup>
  <ItemGroup>
    <Image Include="Client.ico">
      <Filter>98.Default</Filter>
    </Image>
    <Image Include="small.ico">
      <Filter>98.Default</Filter>
    </Image>
  </ItemGroup>
  <ItemGroup>
    <ResourceCompile Include="Client.rc">
      <Filter>98.Default</Filter>
    </ResourceCompile>
  </ItemGroup>
  <ItemGroup>
    <FxCompile Include="..\Bin\ShaderFiles\Shader_VtxTex.hlsl">
      <Filter>97.ShaderFiles</Filter>
    </FxCompile>
    <FxCompile Include="..\Bin\ShaderFiles\Shader_VtxNorTex.hlsl">
      <Filter>97.ShaderFiles</Filter>
    </FxCompile>
    <FxCompile Include="..\Bin\ShaderFiles\Shader_VtxModel.hlsl">
      <Filter>97.ShaderFiles</Filter>
    </FxCompile>
    <FxCompile Include="..\Bin\ShaderFiles\Shader_VtxAnimModel.hlsl">
      <Filter>97.ShaderFiles</Filter>
    </FxCompile>
    <FxCompile Include="..\Bin\ShaderFiles\Shader_VtxRectInstance.hlsl">
      <Filter>97.ShaderFiles</Filter>
    </FxCompile>
    <FxCompile Include="..\Bin\ShaderFiles\Shader_VtxPointInstance.hlsl">
      <Filter>97.ShaderFiles</Filter>
    </FxCompile>
    <FxCompile Include="..\Bin\ShaderFiles\Shader_VtxUIModel.hlsl">
      <Filter>97.ShaderFiles</Filter>
    </FxCompile>
  </ItemGroup>
</Project>